// !$*UTF8*$!
{
	archiveVersion = 1;
	classes = {
	};
	objectVersion = 48;
	objects = {

/* Begin PBXBuildFile section */
		1727C6A7202F5DBB00E59F8A /* SwiftyJSON.framework in Frameworks */ = {isa = PBXBuildFile; fileRef = 1727C6A6202F5DBB00E59F8A /* SwiftyJSON.framework */; };
		176AD7D11FD1AB2000980212 /* AppDelegate.swift in Sources */ = {isa = PBXBuildFile; fileRef = 176AD7D01FD1AB2000980212 /* AppDelegate.swift */; };
		176AD7D31FD1AB2000980212 /* ViewController.swift in Sources */ = {isa = PBXBuildFile; fileRef = 176AD7D21FD1AB2000980212 /* ViewController.swift */; };
		176AD7D61FD1AB2000980212 /* Main.storyboard in Resources */ = {isa = PBXBuildFile; fileRef = 176AD7D41FD1AB2000980212 /* Main.storyboard */; };
		176AD7D81FD1AB2000980212 /* Assets.xcassets in Resources */ = {isa = PBXBuildFile; fileRef = 176AD7D71FD1AB2000980212 /* Assets.xcassets */; };
		176AD7DB1FD1AB2000980212 /* LaunchScreen.storyboard in Resources */ = {isa = PBXBuildFile; fileRef = 176AD7D91FD1AB2000980212 /* LaunchScreen.storyboard */; };
		176AD7E61FD1AB2000980212 /* UITestTests.swift in Sources */ = {isa = PBXBuildFile; fileRef = 176AD7E51FD1AB2000980212 /* UITestTests.swift */; };
		176AD7F11FD1AB2000980212 /* UITestUITests.swift in Sources */ = {isa = PBXBuildFile; fileRef = 176AD7F01FD1AB2000980212 /* UITestUITests.swift */; };
		176AD8011FD1B65B00980212 /* ViewControllerStart.swift in Sources */ = {isa = PBXBuildFile; fileRef = 176AD8001FD1B65B00980212 /* ViewControllerStart.swift */; };
		176AD8031FD1BC0C00980212 /* ViewControllerScan.swift in Sources */ = {isa = PBXBuildFile; fileRef = 176AD8021FD1BC0C00980212 /* ViewControllerScan.swift */; };
		17A436AA205017C100457392 /* ViewControllerTableView.swift in Sources */ = {isa = PBXBuildFile; fileRef = 17A436A9205017C100457392 /* ViewControllerTableView.swift */; };
		17A436AD20501B0400457392 /* products.xcdatamodeld in Sources */ = {isa = PBXBuildFile; fileRef = 17A436AB20501B0400457392 /* products.xcdatamodeld */; };
		17A436AF205058E500457392 /* ViewControllerTableViewCell.swift in Sources */ = {isa = PBXBuildFile; fileRef = 17A436AE205058E500457392 /* ViewControllerTableViewCell.swift */; };
		17A436B1205068CA00457392 /* no_photo.png in Resources */ = {isa = PBXBuildFile; fileRef = 17A436B0205068CA00457392 /* no_photo.png */; };
		17A436B72050692700457392 /* qr icon new.png in Resources */ = {isa = PBXBuildFile; fileRef = 17A436B22050692600457392 /* qr icon new.png */; };
		17A436B82050692700457392 /* barcode icon.png in Resources */ = {isa = PBXBuildFile; fileRef = 17A436B32050692600457392 /* barcode icon.png */; };
		17A436B92050692700457392 /* packages-icon-33.png in Resources */ = {isa = PBXBuildFile; fileRef = 17A436B42050692600457392 /* packages-icon-33.png */; };
		17A436BA2050692700457392 /* Archive icon.png in Resources */ = {isa = PBXBuildFile; fileRef = 17A436B52050692700457392 /* Archive icon.png */; };
		17A436BB2050692700457392 /* qr icon.png in Resources */ = {isa = PBXBuildFile; fileRef = 17A436B62050692700457392 /* qr icon.png */; };
		17AE890E204EC93E00AB9D17 /* ViewControllerInvent.swift in Sources */ = {isa = PBXBuildFile; fileRef = 17AE890D204EC93E00AB9D17 /* ViewControllerInvent.swift */; };
		17AE8912204EE9A000AB9D17 /* ViewControllerTakePhoto.swift in Sources */ = {isa = PBXBuildFile; fileRef = 17AE8911204EE9A000AB9D17 /* ViewControllerTakePhoto.swift */; };
		17C73E621FD9ABDE00FA24CE /* ViewControllerScanResult2.swift in Sources */ = {isa = PBXBuildFile; fileRef = 17C73E611FD9ABDE00FA24CE /* ViewControllerScanResult2.swift */; };
		17E682D320B82C8300FBBDE4 /* CloudKit.framework in Frameworks */ = {isa = PBXBuildFile; fileRef = 17E682D220B82C8300FBBDE4 /* CloudKit.framework */; };
		17EBD7E2205FF3CA009E2671 /* ViewControllerTableViewCell2.swift in Sources */ = {isa = PBXBuildFile; fileRef = 17EBD7E1205FF3CA009E2671 /* ViewControllerTableViewCell2.swift */; };
		17EBD7E420600894009E2671 /* ViewControllerTableViewCellsInfo.swift in Sources */ = {isa = PBXBuildFile; fileRef = 17EBD7E320600894009E2671 /* ViewControllerTableViewCellsInfo.swift */; };
		6662992C4313A9A382987B2A /* Pods_UITest.framework in Frameworks */ = {isa = PBXBuildFile; fileRef = E183E58818EEA448C5D00DF6 /* Pods_UITest.framework */; };
/* End PBXBuildFile section */

/* Begin PBXContainerItemProxy section */
		176AD7E21FD1AB2000980212 /* PBXContainerItemProxy */ = {
			isa = PBXContainerItemProxy;
			containerPortal = 176AD7C51FD1AB2000980212 /* Project object */;
			proxyType = 1;
			remoteGlobalIDString = 176AD7CC1FD1AB2000980212;
			remoteInfo = UITest;
		};
		176AD7ED1FD1AB2000980212 /* PBXContainerItemProxy */ = {
			isa = PBXContainerItemProxy;
			containerPortal = 176AD7C51FD1AB2000980212 /* Project object */;
			proxyType = 1;
			remoteGlobalIDString = 176AD7CC1FD1AB2000980212;
			remoteInfo = UITest;
		};
/* End PBXContainerItemProxy section */

/* Begin PBXFileReference section */
		1727C6A4202F5D8200E59F8A /* SwiftyJSON.framework */ = {isa = PBXFileReference; explicitFileType = wrapper.framework; path = SwiftyJSON.framework; sourceTree = BUILT_PRODUCTS_DIR; };
		1727C6A6202F5DBB00E59F8A /* SwiftyJSON.framework */ = {isa = PBXFileReference; explicitFileType = wrapper.framework; path = SwiftyJSON.framework; sourceTree = BUILT_PRODUCTS_DIR; };
		176AD7CD1FD1AB2000980212 /* UITest.app */ = {isa = PBXFileReference; explicitFileType = wrapper.application; includeInIndex = 0; path = UITest.app; sourceTree = BUILT_PRODUCTS_DIR; };
		176AD7D01FD1AB2000980212 /* AppDelegate.swift */ = {isa = PBXFileReference; lastKnownFileType = sourcecode.swift; path = AppDelegate.swift; sourceTree = "<group>"; };
		176AD7D21FD1AB2000980212 /* ViewController.swift */ = {isa = PBXFileReference; lastKnownFileType = sourcecode.swift; path = ViewController.swift; sourceTree = "<group>"; };
		176AD7D51FD1AB2000980212 /* Base */ = {isa = PBXFileReference; lastKnownFileType = file.storyboard; name = Base; path = Base.lproj/Main.storyboard; sourceTree = "<group>"; };
		176AD7D71FD1AB2000980212 /* Assets.xcassets */ = {isa = PBXFileReference; lastKnownFileType = folder.assetcatalog; name = Assets.xcassets; path = /Users/ihope/Developer/Diplom/UITest/UITest/Assets.xcassets; sourceTree = "<absolute>"; };
		176AD7DA1FD1AB2000980212 /* Base */ = {isa = PBXFileReference; lastKnownFileType = file.storyboard; name = Base; path = Base.lproj/LaunchScreen.storyboard; sourceTree = "<group>"; };
		176AD7DC1FD1AB2000980212 /* Info.plist */ = {isa = PBXFileReference; lastKnownFileType = text.plist.xml; path = Info.plist; sourceTree = "<group>"; };
		176AD7E11FD1AB2000980212 /* UITestTests.xctest */ = {isa = PBXFileReference; explicitFileType = wrapper.cfbundle; includeInIndex = 0; path = UITestTests.xctest; sourceTree = BUILT_PRODUCTS_DIR; };
		176AD7E51FD1AB2000980212 /* UITestTests.swift */ = {isa = PBXFileReference; lastKnownFileType = sourcecode.swift; path = UITestTests.swift; sourceTree = "<group>"; };
		176AD7E71FD1AB2000980212 /* Info.plist */ = {isa = PBXFileReference; lastKnownFileType = text.plist.xml; path = Info.plist; sourceTree = "<group>"; };
		176AD7EC1FD1AB2000980212 /* UITestUITests.xctest */ = {isa = PBXFileReference; explicitFileType = wrapper.cfbundle; includeInIndex = 0; path = UITestUITests.xctest; sourceTree = BUILT_PRODUCTS_DIR; };
		176AD7F01FD1AB2000980212 /* UITestUITests.swift */ = {isa = PBXFileReference; lastKnownFileType = sourcecode.swift; path = UITestUITests.swift; sourceTree = "<group>"; };
		176AD7F21FD1AB2000980212 /* Info.plist */ = {isa = PBXFileReference; lastKnownFileType = text.plist.xml; path = Info.plist; sourceTree = "<group>"; };
		176AD8001FD1B65B00980212 /* ViewControllerStart.swift */ = {isa = PBXFileReference; lastKnownFileType = sourcecode.swift; path = ViewControllerStart.swift; sourceTree = "<group>"; };
		176AD8021FD1BC0C00980212 /* ViewControllerScan.swift */ = {isa = PBXFileReference; lastKnownFileType = sourcecode.swift; path = ViewControllerScan.swift; sourceTree = "<group>"; };
		176DA08320B826580056153C /* UITest.entitlements */ = {isa = PBXFileReference; lastKnownFileType = text.plist.entitlements; path = UITest.entitlements; sourceTree = "<group>"; };
		17A436A9205017C100457392 /* ViewControllerTableView.swift */ = {isa = PBXFileReference; lastKnownFileType = sourcecode.swift; path = ViewControllerTableView.swift; sourceTree = "<group>"; };
		17A436AC20501B0400457392 /* HitList.xcdatamodel */ = {isa = PBXFileReference; lastKnownFileType = wrapper.xcdatamodel; path = HitList.xcdatamodel; sourceTree = "<group>"; };
		17A436AE205058E500457392 /* ViewControllerTableViewCell.swift */ = {isa = PBXFileReference; lastKnownFileType = sourcecode.swift; path = ViewControllerTableViewCell.swift; sourceTree = "<group>"; };
		17A436B0205068CA00457392 /* no_photo.png */ = {isa = PBXFileReference; lastKnownFileType = image.png; path = no_photo.png; sourceTree = "<group>"; };
		17A436B22050692600457392 /* qr icon new.png */ = {isa = PBXFileReference; lastKnownFileType = image.png; path = "qr icon new.png"; sourceTree = "<group>"; };
		17A436B32050692600457392 /* barcode icon.png */ = {isa = PBXFileReference; lastKnownFileType = image.png; path = "barcode icon.png"; sourceTree = "<group>"; };
		17A436B42050692600457392 /* packages-icon-33.png */ = {isa = PBXFileReference; lastKnownFileType = image.png; path = "packages-icon-33.png"; sourceTree = "<group>"; };
		17A436B52050692700457392 /* Archive icon.png */ = {isa = PBXFileReference; lastKnownFileType = image.png; path = "Archive icon.png"; sourceTree = "<group>"; };
		17A436B62050692700457392 /* qr icon.png */ = {isa = PBXFileReference; lastKnownFileType = image.png; path = "qr icon.png"; sourceTree = "<group>"; };
		17AE890D204EC93E00AB9D17 /* ViewControllerInvent.swift */ = {isa = PBXFileReference; lastKnownFileType = sourcecode.swift; path = ViewControllerInvent.swift; sourceTree = "<group>"; };
		17AE8911204EE9A000AB9D17 /* ViewControllerTakePhoto.swift */ = {isa = PBXFileReference; lastKnownFileType = sourcecode.swift; path = ViewControllerTakePhoto.swift; sourceTree = "<group>"; };
		17C73E611FD9ABDE00FA24CE /* ViewControllerScanResult2.swift */ = {isa = PBXFileReference; lastKnownFileType = sourcecode.swift; path = ViewControllerScanResult2.swift; sourceTree = "<group>"; };
		17E682D220B82C8300FBBDE4 /* CloudKit.framework */ = {isa = PBXFileReference; lastKnownFileType = wrapper.framework; name = CloudKit.framework; path = System/Library/Frameworks/CloudKit.framework; sourceTree = SDKROOT; };
		17EBD7E1205FF3CA009E2671 /* ViewControllerTableViewCell2.swift */ = {isa = PBXFileReference; lastKnownFileType = sourcecode.swift; path = ViewControllerTableViewCell2.swift; sourceTree = "<group>"; };
		17EBD7E320600894009E2671 /* ViewControllerTableViewCellsInfo.swift */ = {isa = PBXFileReference; lastKnownFileType = sourcecode.swift; path = ViewControllerTableViewCellsInfo.swift; sourceTree = "<group>"; };
		BEA10F5C72800C51D95A9A7D /* Pods-UITest.debug.xcconfig */ = {isa = PBXFileReference; includeInIndex = 1; lastKnownFileType = text.xcconfig; name = "Pods-UITest.debug.xcconfig"; path = "Pods/Target Support Files/Pods-UITest/Pods-UITest.debug.xcconfig"; sourceTree = "<group>"; };
		E183E58818EEA448C5D00DF6 /* Pods_UITest.framework */ = {isa = PBXFileReference; explicitFileType = wrapper.framework; includeInIndex = 0; path = Pods_UITest.framework; sourceTree = BUILT_PRODUCTS_DIR; };
		FD00366DB744BCB6961F5A53 /* Pods-UITest.release.xcconfig */ = {isa = PBXFileReference; includeInIndex = 1; lastKnownFileType = text.xcconfig; name = "Pods-UITest.release.xcconfig"; path = "Pods/Target Support Files/Pods-UITest/Pods-UITest.release.xcconfig"; sourceTree = "<group>"; };
/* End PBXFileReference section */

/* Begin PBXFrameworksBuildPhase section */
		176AD7CA1FD1AB2000980212 /* Frameworks */ = {
			isa = PBXFrameworksBuildPhase;
			buildActionMask = 2147483647;
			files = (
				17E682D320B82C8300FBBDE4 /* CloudKit.framework in Frameworks */,
				1727C6A7202F5DBB00E59F8A /* SwiftyJSON.framework in Frameworks */,
				6662992C4313A9A382987B2A /* Pods_UITest.framework in Frameworks */,
			);
			runOnlyForDeploymentPostprocessing = 0;
		};
		176AD7DE1FD1AB2000980212 /* Frameworks */ = {
			isa = PBXFrameworksBuildPhase;
			buildActionMask = 2147483647;
			files = (
			);
			runOnlyForDeploymentPostprocessing = 0;
		};
		176AD7E91FD1AB2000980212 /* Frameworks */ = {
			isa = PBXFrameworksBuildPhase;
			buildActionMask = 2147483647;
			files = (
			);
			runOnlyForDeploymentPostprocessing = 0;
		};
/* End PBXFrameworksBuildPhase section */

/* Begin PBXGroup section */
		176AD7C41FD1AB2000980212 = {
			isa = PBXGroup;
			children = (
				176AD7CF1FD1AB2000980212 /* UITest */,
				176AD7E41FD1AB2000980212 /* UITestTests */,
				176AD7EF1FD1AB2000980212 /* UITestUITests */,
				176AD7CE1FD1AB2000980212 /* Products */,
				5FF0589FF9AC405B034B7524 /* Pods */,
				9169586184D620E18F8C899C /* Frameworks */,
			);
			sourceTree = "<group>";
		};
		176AD7CE1FD1AB2000980212 /* Products */ = {
			isa = PBXGroup;
			children = (
				176AD7CD1FD1AB2000980212 /* UITest.app */,
				176AD7E11FD1AB2000980212 /* UITestTests.xctest */,
				176AD7EC1FD1AB2000980212 /* UITestUITests.xctest */,
			);
			name = Products;
			sourceTree = "<group>";
		};
		176AD7CF1FD1AB2000980212 /* UITest */ = {
			isa = PBXGroup;
			children = (
				17A436B0205068CA00457392 /* no_photo.png */,
				17A436B52050692700457392 /* Archive icon.png */,
				17A436B32050692600457392 /* barcode icon.png */,
				17A436B42050692600457392 /* packages-icon-33.png */,
				17A436B22050692600457392 /* qr icon new.png */,
				17A436B62050692700457392 /* qr icon.png */,
				176AD7D01FD1AB2000980212 /* AppDelegate.swift */,
				176AD7D21FD1AB2000980212 /* ViewController.swift */,
				176AD8001FD1B65B00980212 /* ViewControllerStart.swift */,
				176AD8021FD1BC0C00980212 /* ViewControllerScan.swift */,
				17C73E611FD9ABDE00FA24CE /* ViewControllerScanResult2.swift */,
				17AE890D204EC93E00AB9D17 /* ViewControllerInvent.swift */,
				17AE8911204EE9A000AB9D17 /* ViewControllerTakePhoto.swift */,
				17A436A9205017C100457392 /* ViewControllerTableView.swift */,
				17A436AE205058E500457392 /* ViewControllerTableViewCell.swift */,
				17EBD7E1205FF3CA009E2671 /* ViewControllerTableViewCell2.swift */,
				17EBD7E320600894009E2671 /* ViewControllerTableViewCellsInfo.swift */,
				176AD7D41FD1AB2000980212 /* Main.storyboard */,
				176AD7D71FD1AB2000980212 /* Assets.xcassets */,
				176AD7D91FD1AB2000980212 /* LaunchScreen.storyboard */,
				176DA08320B826580056153C /* UITest.entitlements */,
				176AD7DC1FD1AB2000980212 /* Info.plist */,
				17A436AB20501B0400457392 /* products.xcdatamodeld */,
			);
			path = UITest;
			sourceTree = "<group>";
		};
		176AD7E41FD1AB2000980212 /* UITestTests */ = {
			isa = PBXGroup;
			children = (
				176AD7E51FD1AB2000980212 /* UITestTests.swift */,
				176AD7E71FD1AB2000980212 /* Info.plist */,
			);
			path = UITestTests;
			sourceTree = "<group>";
		};
		176AD7EF1FD1AB2000980212 /* UITestUITests */ = {
			isa = PBXGroup;
			children = (
				176AD7F01FD1AB2000980212 /* UITestUITests.swift */,
				176AD7F21FD1AB2000980212 /* Info.plist */,
			);
			path = UITestUITests;
			sourceTree = "<group>";
		};
		5FF0589FF9AC405B034B7524 /* Pods */ = {
			isa = PBXGroup;
			children = (
				BEA10F5C72800C51D95A9A7D /* Pods-UITest.debug.xcconfig */,
				FD00366DB744BCB6961F5A53 /* Pods-UITest.release.xcconfig */,
			);
			name = Pods;
			sourceTree = "<group>";
		};
		9169586184D620E18F8C899C /* Frameworks */ = {
			isa = PBXGroup;
			children = (
				17E682D220B82C8300FBBDE4 /* CloudKit.framework */,
				1727C6A6202F5DBB00E59F8A /* SwiftyJSON.framework */,
				1727C6A4202F5D8200E59F8A /* SwiftyJSON.framework */,
				E183E58818EEA448C5D00DF6 /* Pods_UITest.framework */,
			);
			name = Frameworks;
			sourceTree = "<group>";
		};
/* End PBXGroup section */

/* Begin PBXNativeTarget section */
		176AD7CC1FD1AB2000980212 /* UITest */ = {
			isa = PBXNativeTarget;
			buildConfigurationList = 176AD7F51FD1AB2000980212 /* Build configuration list for PBXNativeTarget "UITest" */;
			buildPhases = (
				5A17CC3B2A4F462702FACBA4 /* [CP] Check Pods Manifest.lock */,
				176AD7C91FD1AB2000980212 /* Sources */,
				176AD7CA1FD1AB2000980212 /* Frameworks */,
				174CC0AB2034AC5B00C6F1F2 /* Version Number Autoincrement */,
				174CC0AA2034AB7F00C6F1F2 /* Build Number Autoincrement */,
				176AD7CB1FD1AB2000980212 /* Resources */,
				0B50DE2C65FEAB20DA7D8860 /* [CP] Embed Pods Frameworks */,
				A32FB0D0616D0EBE4E3AD06C /* [CP] Copy Pods Resources */,
			);
			buildRules = (
			);
			dependencies = (
			);
			name = UITest;
			productName = UITest;
			productReference = 176AD7CD1FD1AB2000980212 /* UITest.app */;
			productType = "com.apple.product-type.application";
		};
		176AD7E01FD1AB2000980212 /* UITestTests */ = {
			isa = PBXNativeTarget;
			buildConfigurationList = 176AD7F81FD1AB2000980212 /* Build configuration list for PBXNativeTarget "UITestTests" */;
			buildPhases = (
				176AD7DD1FD1AB2000980212 /* Sources */,
				176AD7DE1FD1AB2000980212 /* Frameworks */,
				176AD7DF1FD1AB2000980212 /* Resources */,
			);
			buildRules = (
			);
			dependencies = (
				176AD7E31FD1AB2000980212 /* PBXTargetDependency */,
			);
			name = UITestTests;
			productName = UITestTests;
			productReference = 176AD7E11FD1AB2000980212 /* UITestTests.xctest */;
			productType = "com.apple.product-type.bundle.unit-test";
		};
		176AD7EB1FD1AB2000980212 /* UITestUITests */ = {
			isa = PBXNativeTarget;
			buildConfigurationList = 176AD7FB1FD1AB2000980212 /* Build configuration list for PBXNativeTarget "UITestUITests" */;
			buildPhases = (
				176AD7E81FD1AB2000980212 /* Sources */,
				176AD7E91FD1AB2000980212 /* Frameworks */,
				176AD7EA1FD1AB2000980212 /* Resources */,
			);
			buildRules = (
			);
			dependencies = (
				176AD7EE1FD1AB2000980212 /* PBXTargetDependency */,
			);
			name = UITestUITests;
			productName = UITestUITests;
			productReference = 176AD7EC1FD1AB2000980212 /* UITestUITests.xctest */;
			productType = "com.apple.product-type.bundle.ui-testing";
		};
/* End PBXNativeTarget section */

/* Begin PBXProject section */
		176AD7C51FD1AB2000980212 /* Project object */ = {
			isa = PBXProject;
			attributes = {
				LastSwiftUpdateCheck = 0910;
				LastUpgradeCheck = 0930;
				ORGANIZATIONNAME = iHope;
				TargetAttributes = {
					176AD7CC1FD1AB2000980212 = {
						CreatedOnToolsVersion = 9.1;
						ProvisioningStyle = Manual;
						SystemCapabilities = {
							com.apple.Push = {
								enabled = 1;
							};
							com.apple.iCloud = {
								enabled = 1;
							};
						};
					};
					176AD7E01FD1AB2000980212 = {
						CreatedOnToolsVersion = 9.1;
						ProvisioningStyle = Automatic;
						TestTargetID = 176AD7CC1FD1AB2000980212;
					};
					176AD7EB1FD1AB2000980212 = {
						CreatedOnToolsVersion = 9.1;
						ProvisioningStyle = Automatic;
						TestTargetID = 176AD7CC1FD1AB2000980212;
					};
				};
			};
			buildConfigurationList = 176AD7C81FD1AB2000980212 /* Build configuration list for PBXProject "UITest" */;
			compatibilityVersion = "Xcode 8.0";
			developmentRegion = en;
			hasScannedForEncodings = 0;
			knownRegions = (
				en,
				Base,
			);
			mainGroup = 176AD7C41FD1AB2000980212;
			productRefGroup = 176AD7CE1FD1AB2000980212 /* Products */;
			projectDirPath = "";
			projectRoot = "";
			targets = (
				176AD7CC1FD1AB2000980212 /* UITest */,
				176AD7E01FD1AB2000980212 /* UITestTests */,
				176AD7EB1FD1AB2000980212 /* UITestUITests */,
			);
		};
/* End PBXProject section */

/* Begin PBXResourcesBuildPhase section */
		176AD7CB1FD1AB2000980212 /* Resources */ = {
			isa = PBXResourcesBuildPhase;
			buildActionMask = 2147483647;
			files = (
				17A436B82050692700457392 /* barcode icon.png in Resources */,
				17A436B92050692700457392 /* packages-icon-33.png in Resources */,
				176AD7DB1FD1AB2000980212 /* LaunchScreen.storyboard in Resources */,
				17A436B1205068CA00457392 /* no_photo.png in Resources */,
				176AD7D81FD1AB2000980212 /* Assets.xcassets in Resources */,
				176AD7D61FD1AB2000980212 /* Main.storyboard in Resources */,
				17A436BB2050692700457392 /* qr icon.png in Resources */,
				17A436BA2050692700457392 /* Archive icon.png in Resources */,
				17A436B72050692700457392 /* qr icon new.png in Resources */,
			);
			runOnlyForDeploymentPostprocessing = 0;
		};
		176AD7DF1FD1AB2000980212 /* Resources */ = {
			isa = PBXResourcesBuildPhase;
			buildActionMask = 2147483647;
			files = (
			);
			runOnlyForDeploymentPostprocessing = 0;
		};
		176AD7EA1FD1AB2000980212 /* Resources */ = {
			isa = PBXResourcesBuildPhase;
			buildActionMask = 2147483647;
			files = (
			);
			runOnlyForDeploymentPostprocessing = 0;
		};
/* End PBXResourcesBuildPhase section */

/* Begin PBXShellScriptBuildPhase section */
		0B50DE2C65FEAB20DA7D8860 /* [CP] Embed Pods Frameworks */ = {
			isa = PBXShellScriptBuildPhase;
			buildActionMask = 2147483647;
			files = (
			);
			inputPaths = (
			);
			name = "[CP] Embed Pods Frameworks";
			outputPaths = (
			);
			runOnlyForDeploymentPostprocessing = 0;
			shellPath = /bin/sh;
			shellScript = "\"${SRCROOT}/Pods/Target Support Files/Pods-UITest/Pods-UITest-frameworks.sh\"\n";
			showEnvVarsInLog = 0;
		};
		174CC0AA2034AB7F00C6F1F2 /* Build Number Autoincrement */ = {
			isa = PBXShellScriptBuildPhase;
			buildActionMask = 2147483647;
			files = (
			);
			inputPaths = (
			);
			name = "Build Number Autoincrement";
			outputPaths = (
			);
			runOnlyForDeploymentPostprocessing = 0;
			shellPath = /bin/sh;
			shellScript = "buildNumber=$(/usr/libexec/PlistBuddy -c \"Print CFBundleVersion\" \"${PROJECT_DIR}/${INFOPLIST_FILE}\")\nbuildNumber=$(($buildNumber + 1))\n/usr/libexec/PlistBuddy -c \"Set :CFBundleVersion $buildNumber\" \"${PROJECT_DIR}/${INFOPLIST_FILE}\"";
		};
		174CC0AB2034AC5B00C6F1F2 /* Version Number Autoincrement */ = {
			isa = PBXShellScriptBuildPhase;
			buildActionMask = 8;
			files = (
			);
			inputPaths = (
			);
			name = "Version Number Autoincrement";
			outputPaths = (
			);
			runOnlyForDeploymentPostprocessing = 1;
			shellPath = /bin/sh;
			shellScript = "VERSIONNUM=$(/usr/libexec/PlistBuddy -c \"Print CFBundleShortVersionString\" \"${PROJECT_DIR}/${INFOPLIST_FILE}\")\nNEWSUBVERSION=`echo $VERSIONNUM | awk -F \".\" '{print $3}'`\nNEWSUBVERSION=$(($NEWSUBVERSION + 1))\nNEWVERSIONSTRING=`echo $VERSIONNUM | awk -F \".\" '{print $1 \".\" $2 \".'$NEWSUBVERSION'\" }'`\n/usr/libexec/PlistBuddy -c \"Set :CFBundleShortVersionString $NEWVERSIONSTRING\" \"${PROJECT_DIR}/${INFOPLIST_FILE}\"";
		};
		5A17CC3B2A4F462702FACBA4 /* [CP] Check Pods Manifest.lock */ = {
			isa = PBXShellScriptBuildPhase;
			buildActionMask = 2147483647;
			files = (
			);
			inputPaths = (
			);
			name = "[CP] Check Pods Manifest.lock";
			outputPaths = (
			);
			runOnlyForDeploymentPostprocessing = 0;
			shellPath = /bin/sh;
			shellScript = "diff \"${PODS_ROOT}/../Podfile.lock\" \"${PODS_ROOT}/Manifest.lock\" > /dev/null\nif [ $? != 0 ] ; then\n    # print error to STDERR\n    echo \"error: The sandbox is not in sync with the Podfile.lock. Run 'pod install' or update your CocoaPods installation.\" >&2\n    exit 1\nfi\n";
			showEnvVarsInLog = 0;
		};
		A32FB0D0616D0EBE4E3AD06C /* [CP] Copy Pods Resources */ = {
			isa = PBXShellScriptBuildPhase;
			buildActionMask = 2147483647;
			files = (
			);
			inputPaths = (
			);
			name = "[CP] Copy Pods Resources";
			outputPaths = (
			);
			runOnlyForDeploymentPostprocessing = 0;
			shellPath = /bin/sh;
			shellScript = "\"${SRCROOT}/Pods/Target Support Files/Pods-UITest/Pods-UITest-resources.sh\"\n";
			showEnvVarsInLog = 0;
		};
/* End PBXShellScriptBuildPhase section */

/* Begin PBXSourcesBuildPhase section */
		176AD7C91FD1AB2000980212 /* Sources */ = {
			isa = PBXSourcesBuildPhase;
			buildActionMask = 2147483647;
			files = (
				176AD7D31FD1AB2000980212 /* ViewController.swift in Sources */,
				176AD8011FD1B65B00980212 /* ViewControllerStart.swift in Sources */,
				17EBD7E2205FF3CA009E2671 /* ViewControllerTableViewCell2.swift in Sources */,
				17A436AF205058E500457392 /* ViewControllerTableViewCell.swift in Sources */,
				17C73E621FD9ABDE00FA24CE /* ViewControllerScanResult2.swift in Sources */,
				17AE890E204EC93E00AB9D17 /* ViewControllerInvent.swift in Sources */,
				17EBD7E420600894009E2671 /* ViewControllerTableViewCellsInfo.swift in Sources */,
				176AD8031FD1BC0C00980212 /* ViewControllerScan.swift in Sources */,
				17AE8912204EE9A000AB9D17 /* ViewControllerTakePhoto.swift in Sources */,
				17A436AD20501B0400457392 /* products.xcdatamodeld in Sources */,
				17A436AA205017C100457392 /* ViewControllerTableView.swift in Sources */,
				176AD7D11FD1AB2000980212 /* AppDelegate.swift in Sources */,
			);
			runOnlyForDeploymentPostprocessing = 0;
		};
		176AD7DD1FD1AB2000980212 /* Sources */ = {
			isa = PBXSourcesBuildPhase;
			buildActionMask = 2147483647;
			files = (
				176AD7E61FD1AB2000980212 /* UITestTests.swift in Sources */,
			);
			runOnlyForDeploymentPostprocessing = 0;
		};
		176AD7E81FD1AB2000980212 /* Sources */ = {
			isa = PBXSourcesBuildPhase;
			buildActionMask = 2147483647;
			files = (
				176AD7F11FD1AB2000980212 /* UITestUITests.swift in Sources */,
			);
			runOnlyForDeploymentPostprocessing = 0;
		};
/* End PBXSourcesBuildPhase section */

/* Begin PBXTargetDependency section */
		176AD7E31FD1AB2000980212 /* PBXTargetDependency */ = {
			isa = PBXTargetDependency;
			target = 176AD7CC1FD1AB2000980212 /* UITest */;
			targetProxy = 176AD7E21FD1AB2000980212 /* PBXContainerItemProxy */;
		};
		176AD7EE1FD1AB2000980212 /* PBXTargetDependency */ = {
			isa = PBXTargetDependency;
			target = 176AD7CC1FD1AB2000980212 /* UITest */;
			targetProxy = 176AD7ED1FD1AB2000980212 /* PBXContainerItemProxy */;
		};
/* End PBXTargetDependency section */

/* Begin PBXVariantGroup section */
		176AD7D41FD1AB2000980212 /* Main.storyboard */ = {
			isa = PBXVariantGroup;
			children = (
				176AD7D51FD1AB2000980212 /* Base */,
			);
			name = Main.storyboard;
			sourceTree = "<group>";
		};
		176AD7D91FD1AB2000980212 /* LaunchScreen.storyboard */ = {
			isa = PBXVariantGroup;
			children = (
				176AD7DA1FD1AB2000980212 /* Base */,
			);
			name = LaunchScreen.storyboard;
			sourceTree = "<group>";
		};
/* End PBXVariantGroup section */

/* Begin XCBuildConfiguration section */
		176AD7F31FD1AB2000980212 /* Debug */ = {
			isa = XCBuildConfiguration;
			buildSettings = {
				ALWAYS_SEARCH_USER_PATHS = NO;
				CLANG_ANALYZER_NONNULL = YES;
				CLANG_ANALYZER_NUMBER_OBJECT_CONVERSION = YES_AGGRESSIVE;
				CLANG_CXX_LANGUAGE_STANDARD = "gnu++14";
				CLANG_CXX_LIBRARY = "libc++";
				CLANG_ENABLE_MODULES = YES;
				CLANG_ENABLE_OBJC_ARC = YES;
				CLANG_WARN_BLOCK_CAPTURE_AUTORELEASING = YES;
				CLANG_WARN_BOOL_CONVERSION = YES;
				CLANG_WARN_COMMA = YES;
				CLANG_WARN_CONSTANT_CONVERSION = YES;
				CLANG_WARN_DEPRECATED_OBJC_IMPLEMENTATIONS = YES;
				CLANG_WARN_DIRECT_OBJC_ISA_USAGE = YES_ERROR;
				CLANG_WARN_DOCUMENTATION_COMMENTS = YES;
				CLANG_WARN_EMPTY_BODY = YES;
				CLANG_WARN_ENUM_CONVERSION = YES;
				CLANG_WARN_INFINITE_RECURSION = YES;
				CLANG_WARN_INT_CONVERSION = YES;
				CLANG_WARN_NON_LITERAL_NULL_CONVERSION = YES;
				CLANG_WARN_OBJC_IMPLICIT_RETAIN_SELF = YES;
				CLANG_WARN_OBJC_LITERAL_CONVERSION = YES;
				CLANG_WARN_OBJC_ROOT_CLASS = YES_ERROR;
				CLANG_WARN_RANGE_LOOP_ANALYSIS = YES;
				CLANG_WARN_STRICT_PROTOTYPES = YES;
				CLANG_WARN_SUSPICIOUS_MOVE = YES;
				CLANG_WARN_UNGUARDED_AVAILABILITY = YES_AGGRESSIVE;
				CLANG_WARN_UNREACHABLE_CODE = YES;
				CLANG_WARN__DUPLICATE_METHOD_MATCH = YES;
				CODE_SIGN_IDENTITY = "iPhone Developer: Nadin Voznyak (P575VGH9LT)";
				COPY_PHASE_STRIP = NO;
				DEBUG_INFORMATION_FORMAT = dwarf;
				ENABLE_STRICT_OBJC_MSGSEND = YES;
				ENABLE_TESTABILITY = YES;
				GCC_C_LANGUAGE_STANDARD = gnu11;
				GCC_DYNAMIC_NO_PIC = NO;
				GCC_NO_COMMON_BLOCKS = YES;
				GCC_OPTIMIZATION_LEVEL = 0;
				GCC_PREPROCESSOR_DEFINITIONS = (
					"DEBUG=1",
					"$(inherited)",
				);
				GCC_WARN_64_TO_32_BIT_CONVERSION = YES;
				GCC_WARN_ABOUT_RETURN_TYPE = YES_ERROR;
				GCC_WARN_UNDECLARED_SELECTOR = YES;
				GCC_WARN_UNINITIALIZED_AUTOS = YES_AGGRESSIVE;
				GCC_WARN_UNUSED_FUNCTION = YES;
				GCC_WARN_UNUSED_VARIABLE = YES;
				IPHONEOS_DEPLOYMENT_TARGET = 11.3;
				MTL_ENABLE_DEBUG_INFO = YES;
				ONLY_ACTIVE_ARCH = YES;
				SDKROOT = iphoneos11.3;
				SWIFT_ACTIVE_COMPILATION_CONDITIONS = DEBUG;
				SWIFT_OPTIMIZATION_LEVEL = "-Onone";
			};
			name = Debug;
		};
		176AD7F41FD1AB2000980212 /* Release */ = {
			isa = XCBuildConfiguration;
			buildSettings = {
				ALWAYS_SEARCH_USER_PATHS = NO;
				CLANG_ANALYZER_NONNULL = YES;
				CLANG_ANALYZER_NUMBER_OBJECT_CONVERSION = YES_AGGRESSIVE;
				CLANG_CXX_LANGUAGE_STANDARD = "gnu++14";
				CLANG_CXX_LIBRARY = "libc++";
				CLANG_ENABLE_MODULES = YES;
				CLANG_ENABLE_OBJC_ARC = YES;
				CLANG_WARN_BLOCK_CAPTURE_AUTORELEASING = YES;
				CLANG_WARN_BOOL_CONVERSION = YES;
				CLANG_WARN_COMMA = YES;
				CLANG_WARN_CONSTANT_CONVERSION = YES;
				CLANG_WARN_DEPRECATED_OBJC_IMPLEMENTATIONS = YES;
				CLANG_WARN_DIRECT_OBJC_ISA_USAGE = YES_ERROR;
				CLANG_WARN_DOCUMENTATION_COMMENTS = YES;
				CLANG_WARN_EMPTY_BODY = YES;
				CLANG_WARN_ENUM_CONVERSION = YES;
				CLANG_WARN_INFINITE_RECURSION = YES;
				CLANG_WARN_INT_CONVERSION = YES;
				CLANG_WARN_NON_LITERAL_NULL_CONVERSION = YES;
				CLANG_WARN_OBJC_IMPLICIT_RETAIN_SELF = YES;
				CLANG_WARN_OBJC_LITERAL_CONVERSION = YES;
				CLANG_WARN_OBJC_ROOT_CLASS = YES_ERROR;
				CLANG_WARN_RANGE_LOOP_ANALYSIS = YES;
				CLANG_WARN_STRICT_PROTOTYPES = YES;
				CLANG_WARN_SUSPICIOUS_MOVE = YES;
				CLANG_WARN_UNGUARDED_AVAILABILITY = YES_AGGRESSIVE;
				CLANG_WARN_UNREACHABLE_CODE = YES;
				CLANG_WARN__DUPLICATE_METHOD_MATCH = YES;
				CODE_SIGN_IDENTITY = "iPhone Distribution: Nadin Voznyak (9SR6C9RNX9)";
				COPY_PHASE_STRIP = NO;
				DEBUG_INFORMATION_FORMAT = "dwarf-with-dsym";
				ENABLE_NS_ASSERTIONS = NO;
				ENABLE_STRICT_OBJC_MSGSEND = YES;
				GCC_C_LANGUAGE_STANDARD = gnu11;
				GCC_NO_COMMON_BLOCKS = YES;
				GCC_WARN_64_TO_32_BIT_CONVERSION = YES;
				GCC_WARN_ABOUT_RETURN_TYPE = YES_ERROR;
				GCC_WARN_UNDECLARED_SELECTOR = YES;
				GCC_WARN_UNINITIALIZED_AUTOS = YES_AGGRESSIVE;
				GCC_WARN_UNUSED_FUNCTION = YES;
				GCC_WARN_UNUSED_VARIABLE = YES;
				IPHONEOS_DEPLOYMENT_TARGET = 11.3;
				MTL_ENABLE_DEBUG_INFO = NO;
				SDKROOT = iphoneos11.3;
				SWIFT_OPTIMIZATION_LEVEL = "-Owholemodule";
				VALIDATE_PRODUCT = YES;
			};
			name = Release;
		};
		176AD7F61FD1AB2000980212 /* Debug */ = {
			isa = XCBuildConfiguration;
			baseConfigurationReference = BEA10F5C72800C51D95A9A7D /* Pods-UITest.debug.xcconfig */;
			buildSettings = {
				ASSETCATALOG_COMPILER_APPICON_NAME = AppIcon;
				CODE_SIGN_ENTITLEMENTS = UITest/UITest.entitlements;
				CODE_SIGN_IDENTITY = "iPhone Developer";
				"CODE_SIGN_IDENTITY[sdk=*]" = "iPhone Developer";
				CODE_SIGN_STYLE = Manual;
				DEVELOPMENT_TEAM = 9SR6C9RNX9;
				ENABLE_BITCODE = NO;
				INFOPLIST_FILE = UITest/Info.plist;
				IPHONEOS_DEPLOYMENT_TARGET = 11.3;
				LD_RUNPATH_SEARCH_PATHS = "$(inherited) @executable_path/Frameworks";
				PRODUCT_BUNDLE_IDENTIFIER = com.ihope.UITest;
				PRODUCT_NAME = "$(TARGET_NAME)";
				PROVISIONING_PROFILE = "55cac72d-40b3-462f-af82-2a01d452849d";
				PROVISIONING_PROFILE_SPECIFIER = iHopeDev;
				SWIFT_VERSION = 4.0;
				TARGETED_DEVICE_FAMILY = 1;
			};
			name = Debug;
		};
		176AD7F71FD1AB2000980212 /* Release */ = {
			isa = XCBuildConfiguration;
			baseConfigurationReference = FD00366DB744BCB6961F5A53 /* Pods-UITest.release.xcconfig */;
			buildSettings = {
				ASSETCATALOG_COMPILER_APPICON_NAME = AppIcon;
				CODE_SIGN_ENTITLEMENTS = UITest/UITest.entitlements;
				CODE_SIGN_IDENTITY = "iPhone Developer";
				"CODE_SIGN_IDENTITY[sdk=*]" = "iPhone Distribution";
				CODE_SIGN_STYLE = Manual;
				DEVELOPMENT_TEAM = 9SR6C9RNX9;
				ENABLE_BITCODE = NO;
				INFOPLIST_FILE = UITest/Info.plist;
				IPHONEOS_DEPLOYMENT_TARGET = 11.3;
				LD_RUNPATH_SEARCH_PATHS = "$(inherited) @executable_path/Frameworks";
				PRODUCT_BUNDLE_IDENTIFIER = com.ihope.UITest;
				PRODUCT_NAME = "$(TARGET_NAME)";
				PROVISIONING_PROFILE = "f20176f4-a9a9-40fb-afa3-a3c5f1aaaa69";
				PROVISIONING_PROFILE_SPECIFIER = iHopeAppStoreDistr;
				SWIFT_VERSION = 4.0;
				TARGETED_DEVICE_FAMILY = 1;
			};
			name = Release;
		};
		176AD7F91FD1AB2000980212 /* Debug */ = {
			isa = XCBuildConfiguration;
			buildSettings = {
				ALWAYS_EMBED_SWIFT_STANDARD_LIBRARIES = YES;
				BUNDLE_LOADER = "$(TEST_HOST)";
				CODE_SIGN_STYLE = Automatic;
				DEVELOPMENT_TEAM = 9SR6C9RNX9;
				INFOPLIST_FILE = UITestTests/Info.plist;
				LD_RUNPATH_SEARCH_PATHS = "$(inherited) @executable_path/Frameworks @loader_path/Frameworks";
				PRODUCT_BUNDLE_IDENTIFIER = com.ihope.UITestTests;
				PRODUCT_NAME = "$(TARGET_NAME)";
				SWIFT_VERSION = 4.0;
				TARGETED_DEVICE_FAMILY = "1,2";
				TEST_HOST = "$(BUILT_PRODUCTS_DIR)/UITest.app/UITest";
			};
			name = Debug;
		};
		176AD7FA1FD1AB2000980212 /* Release */ = {
			isa = XCBuildConfiguration;
			buildSettings = {
				ALWAYS_EMBED_SWIFT_STANDARD_LIBRARIES = YES;
				BUNDLE_LOADER = "$(TEST_HOST)";
				CODE_SIGN_STYLE = Automatic;
				DEVELOPMENT_TEAM = 9SR6C9RNX9;
				INFOPLIST_FILE = UITestTests/Info.plist;
				LD_RUNPATH_SEARCH_PATHS = "$(inherited) @executable_path/Frameworks @loader_path/Frameworks";
				PRODUCT_BUNDLE_IDENTIFIER = com.ihope.UITestTests;
				PRODUCT_NAME = "$(TARGET_NAME)";
				SWIFT_VERSION = 4.0;
				TARGETED_DEVICE_FAMILY = "1,2";
				TEST_HOST = "$(BUILT_PRODUCTS_DIR)/UITest.app/UITest";
			};
			name = Release;
		};
		176AD7FC1FD1AB2000980212 /* Debug */ = {
			isa = XCBuildConfiguration;
			buildSettings = {
				ALWAYS_EMBED_SWIFT_STANDARD_LIBRARIES = YES;
				CODE_SIGN_STYLE = Automatic;
				DEVELOPMENT_TEAM = 9SR6C9RNX9;
				INFOPLIST_FILE = UITestUITests/Info.plist;
				LD_RUNPATH_SEARCH_PATHS = "$(inherited) @executable_path/Frameworks @loader_path/Frameworks";
				PRODUCT_BUNDLE_IDENTIFIER = com.ihope.UITestUITests;
				PRODUCT_NAME = "$(TARGET_NAME)";
				SWIFT_VERSION = 4.0;
				TARGETED_DEVICE_FAMILY = "1,2";
				TEST_TARGET_NAME = UITest;
			};
			name = Debug;
		};
		176AD7FD1FD1AB2000980212 /* Release */ = {
			isa = XCBuildConfiguration;
			buildSettings = {
				ALWAYS_EMBED_SWIFT_STANDARD_LIBRARIES = YES;
				CODE_SIGN_STYLE = Automatic;
				DEVELOPMENT_TEAM = 9SR6C9RNX9;
				INFOPLIST_FILE = UITestUITests/Info.plist;
				LD_RUNPATH_SEARCH_PATHS = "$(inherited) @executable_path/Frameworks @loader_path/Frameworks";
				PRODUCT_BUNDLE_IDENTIFIER = com.ihope.UITestUITests;
				PRODUCT_NAME = "$(TARGET_NAME)";
				SWIFT_VERSION = 4.0;
				TARGETED_DEVICE_FAMILY = "1,2";
				TEST_TARGET_NAME = UITest;
			};
			name = Release;
		};
/* End XCBuildConfiguration section */

/* Begin XCConfigurationList section */
		176AD7C81FD1AB2000980212 /* Build configuration list for PBXProject "UITest" */ = {
			isa = XCConfigurationList;
			buildConfigurations = (
				176AD7F31FD1AB2000980212 /* Debug */,
				176AD7F41FD1AB2000980212 /* Release */,
			);
			defaultConfigurationIsVisible = 0;
			defaultConfigurationName = Release;
		};
		176AD7F51FD1AB2000980212 /* Build configuration list for PBXNativeTarget "UITest" */ = {
			isa = XCConfigurationList;
			buildConfigurations = (
				176AD7F61FD1AB2000980212 /* Debug */,
				176AD7F71FD1AB2000980212 /* Release */,
			);
			defaultConfigurationIsVisible = 0;
			defaultConfigurationName = Release;
		};
		176AD7F81FD1AB2000980212 /* Build configuration list for PBXNativeTarget "UITestTests" */ = {
			isa = XCConfigurationList;
			buildConfigurations = (
				176AD7F91FD1AB2000980212 /* Debug */,
				176AD7FA1FD1AB2000980212 /* Release */,
			);
			defaultConfigurationIsVisible = 0;
			defaultConfigurationName = Release;
		};
		176AD7FB1FD1AB2000980212 /* Build configuration list for PBXNativeTarget "UITestUITests" */ = {
			isa = XCConfigurationList;
			buildConfigurations = (
				176AD7FC1FD1AB2000980212 /* Debug */,
				176AD7FD1FD1AB2000980212 /* Release */,
			);
			defaultConfigurationIsVisible = 0;
			defaultConfigurationName = Release;
		};
/* End XCConfigurationList section */

/* Begin XCVersionGroup section */
		17A436AB20501B0400457392 /* products.xcdatamodeld */ = {
			isa = XCVersionGroup;
			children = (
				17A436AC20501B0400457392 /* HitList.xcdatamodel */,
			);
			currentVersion = 17A436AC20501B0400457392 /* HitList.xcdatamodel */;
			path = products.xcdatamodeld;
			sourceTree = "<group>";
			versionGroupType = wrapper.xcdatamodel;
		};
/* End XCVersionGroup section */
	};
	rootObject = 176AD7C51FD1AB2000980212 /* Project object */;
}
